
Microsoft Visual Studio Solution File, Format Version 12.00
Project("{FAE04EC0-301F-11D3-BF4B-00C04F79EFBC}") = "InheritanceHell", "InheritanceHell\InheritanceHell.csproj", "{63E8B164-092E-4C59-AE2D-4B02925742F0}"
EndProject
Project("{FAE04EC0-301F-11D3-BF4B-00C04F79EFBC}") = "InterfaceSegregation", "InterfaceSegregation\InterfaceSegregation.csproj", "{03CE4654-10CE-425D-99E6-9AB72723DA89}"
EndProject
Global
	GlobalSection(SolutionConfigurationPlatforms) = preSolution
		Debug|Any CPU = Debug|Any CPU
		Release|Any CPU = Release|Any CPU
	EndGlobalSection
	GlobalSection(ProjectConfigurationPlatforms) = postSolution
		{63E8B164-092E-4C59-AE2D-4B02925742F0}.Debug|Any CPU.ActiveCfg = Debug|Any CPU
		{63E8B164-092E-4C59-AE2D-4B02925742F0}.Debug|Any CPU.Build.0 = Debug|Any CPU
		{63E8B164-092E-4C59-AE2D-4B02925742F0}.Release|Any CPU.ActiveCfg = Release|Any CPU
		{63E8B164-092E-4C59-AE2D-4B02925742F0}.Release|Any CPU.Build.0 = Release|Any CPU
		{03CE4654-10CE-425D-99E6-9AB72723DA89}.Debug|Any CPU.ActiveCfg = Debug|Any CPU
		{03CE4654-10CE-425D-99E6-9AB72723DA89}.Debug|Any CPU.Build.0 = Debug|Any CPU
		{03CE4654-10CE-425D-99E6-9AB72723DA89}.Release|Any CPU.ActiveCfg = Release|Any CPU
		{03CE4654-10CE-425D-99E6-9AB72723DA89}.Release|Any CPU.Build.0 = Release|Any CPU
	EndGlobalSection
EndGlobal
